
Microsoft Visual Studio Solution File, Format Version 12.00
# Visual Studio 2013
VisualStudioVersion = 12.0.30723.0
MinimumVisualStudioVersion = 10.0.40219.1
Project("{FAE04EC0-301F-11D3-BF4B-00C04F79EFBC}") = "MultiwinService.TestConsole", "MultiwinService.TestConsole\MultiwinService.TestConsole.csproj", "{1D4D3213-F431-465D-95AF-68D64F884831}"
EndProject
Project("{FAE04EC0-301F-11D3-BF4B-00C04F79EFBC}") = "MultiwinService.Main", "MultiwinService.Main\MultiwinService.Main.csproj", "{6DBDD237-69C6-4B6A-B894-784FD895BF3D}"
EndProject
Project("{2150E333-8FDC-42A3-9474-1A3956D46DE8}") = "Tests", "Tests", "{EB56129F-0EFA-4086-B4A4-A145BF52EA3B}"
EndProject
Project("{FAE04EC0-301F-11D3-BF4B-00C04F79EFBC}") = "MultiwinService.UnitTests", "Tests\MultiwinService.UnitTests\MultiwinService.UnitTests.csproj", "{B1337DEC-91C9-4BE7-8DE1-47224E881F84}"
EndProject
Project("{2150E333-8FDC-42A3-9474-1A3956D46DE8}") = "Tasks", "Tasks", "{77BEF236-BA3F-40D3-A805-3BF2A8ABD005}"
EndProject
Project("{FAE04EC0-301F-11D3-BF4B-00C04F79EFBC}") = "MultiwinService.Task.SampleTask", "Tasks\MultiwinService.Task.SampleTask\MultiwinService.Task.SampleTask.csproj", "{FDDF6C6D-0BE2-4DAC-A1A8-DE7ED4AE7B3B}"
EndProject
Project("{FAE04EC0-301F-11D3-BF4B-00C04F79EFBC}") = "MultiwinService.Core", "MultiwinService.Core\MultiwinService.Core.csproj", "{D12A10BC-40E3-47C7-BAAA-390F6277F933}"
EndProject
Project("{FAE04EC0-301F-11D3-BF4B-00C04F79EFBC}") = "MultiwinService.Web", "MultiwinService.Web\MultiwinService.Web.csproj", "{61187E13-45D4-4197-AEEA-191044CA88B9}"
EndProject
Global
	GlobalSection(SolutionConfigurationPlatforms) = preSolution
		Debug|Any CPU = Debug|Any CPU
		Release|Any CPU = Release|Any CPU
	EndGlobalSection
	GlobalSection(ProjectConfigurationPlatforms) = postSolution
		{1D4D3213-F431-465D-95AF-68D64F884831}.Debug|Any CPU.ActiveCfg = Debug|Any CPU
		{1D4D3213-F431-465D-95AF-68D64F884831}.Debug|Any CPU.Build.0 = Debug|Any CPU
		{1D4D3213-F431-465D-95AF-68D64F884831}.Release|Any CPU.ActiveCfg = Release|Any CPU
		{1D4D3213-F431-465D-95AF-68D64F884831}.Release|Any CPU.Build.0 = Release|Any CPU
		{6DBDD237-69C6-4B6A-B894-784FD895BF3D}.Debug|Any CPU.ActiveCfg = Debug|Any CPU
		{6DBDD237-69C6-4B6A-B894-784FD895BF3D}.Debug|Any CPU.Build.0 = Debug|Any CPU
		{6DBDD237-69C6-4B6A-B894-784FD895BF3D}.Release|Any CPU.ActiveCfg = Release|Any CPU
		{6DBDD237-69C6-4B6A-B894-784FD895BF3D}.Release|Any CPU.Build.0 = Release|Any CPU
		{B1337DEC-91C9-4BE7-8DE1-47224E881F84}.Debug|Any CPU.ActiveCfg = Debug|Any CPU
		{B1337DEC-91C9-4BE7-8DE1-47224E881F84}.Debug|Any CPU.Build.0 = Debug|Any CPU
		{B1337DEC-91C9-4BE7-8DE1-47224E881F84}.Release|Any CPU.ActiveCfg = Release|Any CPU
		{B1337DEC-91C9-4BE7-8DE1-47224E881F84}.Release|Any CPU.Build.0 = Release|Any CPU
		{FDDF6C6D-0BE2-4DAC-A1A8-DE7ED4AE7B3B}.Debug|Any CPU.ActiveCfg = Debug|Any CPU
		{FDDF6C6D-0BE2-4DAC-A1A8-DE7ED4AE7B3B}.Debug|Any CPU.Build.0 = Debug|Any CPU
		{FDDF6C6D-0BE2-4DAC-A1A8-DE7ED4AE7B3B}.Release|Any CPU.ActiveCfg = Release|Any CPU
		{FDDF6C6D-0BE2-4DAC-A1A8-DE7ED4AE7B3B}.Release|Any CPU.Build.0 = Release|Any CPU
		{D12A10BC-40E3-47C7-BAAA-390F6277F933}.Debug|Any CPU.ActiveCfg = Debug|Any CPU
		{D12A10BC-40E3-47C7-BAAA-390F6277F933}.Debug|Any CPU.Build.0 = Debug|Any CPU
		{D12A10BC-40E3-47C7-BAAA-390F6277F933}.Release|Any CPU.ActiveCfg = Release|Any CPU
		{D12A10BC-40E3-47C7-BAAA-390F6277F933}.Release|Any CPU.Build.0 = Release|Any CPU
		{61187E13-45D4-4197-AEEA-191044CA88B9}.Debug|Any CPU.ActiveCfg = Debug|Any CPU
		{61187E13-45D4-4197-AEEA-191044CA88B9}.Debug|Any CPU.Build.0 = Debug|Any CPU
		{61187E13-45D4-4197-AEEA-191044CA88B9}.Release|Any CPU.ActiveCfg = Release|Any CPU
		{61187E13-45D4-4197-AEEA-191044CA88B9}.Release|Any CPU.Build.0 = Release|Any CPU
	EndGlobalSection
	GlobalSection(SolutionProperties) = preSolution
		HideSolutionNode = FALSE
	EndGlobalSection
	GlobalSection(NestedProjects) = preSolution
		{B1337DEC-91C9-4BE7-8DE1-47224E881F84} = {EB56129F-0EFA-4086-B4A4-A145BF52EA3B}
		{FDDF6C6D-0BE2-4DAC-A1A8-DE7ED4AE7B3B} = {77BEF236-BA3F-40D3-A805-3BF2A8ABD005}
	EndGlobalSection
EndGlobal
